
Microsoft Visual Studio Solution File, Format Version 12.00
# Visual Studio 15
VisualStudioVersion = 15.0.26730.12
MinimumVisualStudioVersion = 10.0.40219.1
Project("{FAE04EC0-301F-11D3-BF4B-00C04F79EFBC}") = "EfDemo", "EfDemo\EfDemo.csproj", "{FC79F3EC-5135-4BBE-9D4E-2C3368487D3F}"
EndProject
Project("{FAE04EC0-301F-11D3-BF4B-00C04F79EFBC}") = "SchoolEntities", "SchoolEntities\SchoolEntities.csproj", "{8287F7DA-27B4-4112-850C-81CA4AE663D7}"
EndProject
Global
	GlobalSection(SolutionConfigurationPlatforms) = preSolution
		Debug|Any CPU = Debug|Any CPU
		Release|Any CPU = Release|Any CPU
	EndGlobalSection
	GlobalSection(ProjectConfigurationPlatforms) = postSolution
		{FC79F3EC-5135-4BBE-9D4E-2C3368487D3F}.Debug|Any CPU.ActiveCfg = Debug|Any CPU
		{FC79F3EC-5135-4BBE-9D4E-2C3368487D3F}.Debug|Any CPU.Build.0 = Debug|Any CPU
		{FC79F3EC-5135-4BBE-9D4E-2C3368487D3F}.Release|Any CPU.ActiveCfg = Release|Any CPU
		{FC79F3EC-5135-4BBE-9D4E-2C3368487D3F}.Release|Any CPU.Build.0 = Release|Any CPU
		{8287F7DA-27B4-4112-850C-81CA4AE663D7}.Debug|Any CPU.ActiveCfg = Debug|Any CPU
		{8287F7DA-27B4-4112-850C-81CA4AE663D7}.Debug|Any CPU.Build.0 = Debug|Any CPU
		{8287F7DA-27B4-4112-850C-81CA4AE663D7}.Release|Any CPU.ActiveCfg = Release|Any CPU
		{8287F7DA-27B4-4112-850C-81CA4AE663D7}.Release|Any CPU.Build.0 = Release|Any CPU
	EndGlobalSection
	GlobalSection(SolutionProperties) = preSolution
		HideSolutionNode = FALSE
	EndGlobalSection
	GlobalSection(ExtensibilityGlobals) = postSolution
		SolutionGuid = {90C5AEAF-A206-4EA2-BF0F-BD18BB99A46F}
	EndGlobalSection
EndGlobal
